
Microsoft Visual Studio Solution File, Format Version 12.00
# Visual Studio 2013
VisualStudioVersion = 12.0.31101.0
MinimumVisualStudioVersion = 10.0.40219.1
Project("{FAE04EC0-301F-11D3-BF4B-00C04F79EFBC}") = "Console", "Console\Console.csproj", "{8E310CE3-5D5E-4746-8A13-25A5096E28A6}"
EndProject
Project("{2150E333-8FDC-42A3-9474-1A3956D46DE8}") = "Native", "Native", "{F9A47884-3064-464A-ACD3-483558ECA798}"
EndProject
Project("{2150E333-8FDC-42A3-9474-1A3956D46DE8}") = "WrappersNET", "WrappersNET", "{7CDAC591-D43B-418B-A3AE-AD0145B41E47}"
EndProject
Project("{2150E333-8FDC-42A3-9474-1A3956D46DE8}") = "Application", "Application", "{F5CD9677-CA38-42FB-B409-9F7E80B6735C}"
EndProject
Project("{2150E333-8FDC-42A3-9474-1A3956D46DE8}") = "UnitTesting", "UnitTesting", "{B9099E6D-2EB8-461D-8E0D-1FCB4E77766F}"
EndProject
Project("{2150E333-8FDC-42A3-9474-1A3956D46DE8}") = "Native", "Native", "{974AEFDB-B2F6-477D-88F9-5BB8BC4B6BD4}"
EndProject
Project("{2150E333-8FDC-42A3-9474-1A3956D46DE8}") = "WrappersNET", "WrappersNET", "{03636F8F-8938-4BFD-950F-485B2F5AD0D0}"
EndProject
Project("{2150E333-8FDC-42A3-9474-1A3956D46DE8}") = "XTesting", "XTesting", "{9B94D2FE-E29C-48DB-B2F8-28AE676DA496}"
EndProject
Project("{8BC9CEB8-8B4A-11D0-8D11-00A0C91BC942}") = "StringLib", "Native\StringLib\StringLib.vcxproj", "{3860ABE3-3F9F-4267-80FE-2FF08D230B85}"
EndProject
Project("{FAE04EC0-301F-11D3-BF4B-00C04F79EFBC}") = "MathLibNET", "WrappersNET\MathLibNET\MathLibNET.csproj", "{E236C1E9-E2D8-46B5-8E17-C7413659CCEC}"
	ProjectSection(ProjectDependencies) = postProject
		{BBB8F592-B9B6-46F8-9B93-4D104835285D} = {BBB8F592-B9B6-46F8-9B93-4D104835285D}
	EndProjectSection
EndProject
Project("{FAE04EC0-301F-11D3-BF4B-00C04F79EFBC}") = "StringLibNET", "WrappersNET\StringLibNET\StringLibNET.csproj", "{84D77870-98E7-41AF-BF30-B8E254E19439}"
	ProjectSection(ProjectDependencies) = postProject
		{3860ABE3-3F9F-4267-80FE-2FF08D230B85} = {3860ABE3-3F9F-4267-80FE-2FF08D230B85}
	EndProjectSection
EndProject
Project("{FAE04EC0-301F-11D3-BF4B-00C04F79EFBC}") = "MathLibNETTest", "WrappersNET\MathLibNETTest\MathLibNETTest.csproj", "{441C6CCF-F28E-4DED-BA67-86EB47A700DB}"
EndProject
Project("{8BC9CEB8-8B4A-11D0-8D11-00A0C91BC942}") = "MathLib", "Native\MathLib\MathLib.vcxproj", "{BBB8F592-B9B6-46F8-9B93-4D104835285D}"
EndProject
Global
	GlobalSection(SolutionConfigurationPlatforms) = preSolution
		Debug|Any CPU = Debug|Any CPU
		Debug|Mixed Platforms = Debug|Mixed Platforms
		Debug|Win32 = Debug|Win32
		Release|Any CPU = Release|Any CPU
		Release|Mixed Platforms = Release|Mixed Platforms
		Release|Win32 = Release|Win32
	EndGlobalSection
	GlobalSection(ProjectConfigurationPlatforms) = postSolution
		{8E310CE3-5D5E-4746-8A13-25A5096E28A6}.Debug|Any CPU.ActiveCfg = Debug|Any CPU
		{8E310CE3-5D5E-4746-8A13-25A5096E28A6}.Debug|Any CPU.Build.0 = Debug|Any CPU
		{8E310CE3-5D5E-4746-8A13-25A5096E28A6}.Debug|Mixed Platforms.ActiveCfg = Debug|Any CPU
		{8E310CE3-5D5E-4746-8A13-25A5096E28A6}.Debug|Mixed Platforms.Build.0 = Debug|Any CPU
		{8E310CE3-5D5E-4746-8A13-25A5096E28A6}.Debug|Win32.ActiveCfg = Debug|Any CPU
		{8E310CE3-5D5E-4746-8A13-25A5096E28A6}.Release|Any CPU.ActiveCfg = Release|Any CPU
		{8E310CE3-5D5E-4746-8A13-25A5096E28A6}.Release|Any CPU.Build.0 = Release|Any CPU
		{8E310CE3-5D5E-4746-8A13-25A5096E28A6}.Release|Mixed Platforms.ActiveCfg = Release|Any CPU
		{8E310CE3-5D5E-4746-8A13-25A5096E28A6}.Release|Mixed Platforms.Build.0 = Release|Any CPU
		{8E310CE3-5D5E-4746-8A13-25A5096E28A6}.Release|Win32.ActiveCfg = Release|Any CPU
		{3860ABE3-3F9F-4267-80FE-2FF08D230B85}.Debug|Any CPU.ActiveCfg = Debug|Win32
		{3860ABE3-3F9F-4267-80FE-2FF08D230B85}.Debug|Mixed Platforms.ActiveCfg = Debug|Win32
		{3860ABE3-3F9F-4267-80FE-2FF08D230B85}.Debug|Mixed Platforms.Build.0 = Debug|Win32
		{3860ABE3-3F9F-4267-80FE-2FF08D230B85}.Debug|Win32.ActiveCfg = Debug|Win32
		{3860ABE3-3F9F-4267-80FE-2FF08D230B85}.Debug|Win32.Build.0 = Debug|Win32
		{3860ABE3-3F9F-4267-80FE-2FF08D230B85}.Release|Any CPU.ActiveCfg = Release|Win32
		{3860ABE3-3F9F-4267-80FE-2FF08D230B85}.Release|Mixed Platforms.ActiveCfg = Release|Win32
		{3860ABE3-3F9F-4267-80FE-2FF08D230B85}.Release|Mixed Platforms.Build.0 = Release|Win32
		{3860ABE3-3F9F-4267-80FE-2FF08D230B85}.Release|Win32.ActiveCfg = Release|Win32
		{3860ABE3-3F9F-4267-80FE-2FF08D230B85}.Release|Win32.Build.0 = Release|Win32
		{E236C1E9-E2D8-46B5-8E17-C7413659CCEC}.Debug|Any CPU.ActiveCfg = Debug|Any CPU
		{E236C1E9-E2D8-46B5-8E17-C7413659CCEC}.Debug|Any CPU.Build.0 = Debug|Any CPU
		{E236C1E9-E2D8-46B5-8E17-C7413659CCEC}.Debug|Mixed Platforms.ActiveCfg = Debug|Any CPU
		{E236C1E9-E2D8-46B5-8E17-C7413659CCEC}.Debug|Mixed Platforms.Build.0 = Debug|Any CPU
		{E236C1E9-E2D8-46B5-8E17-C7413659CCEC}.Debug|Win32.ActiveCfg = Debug|Any CPU
		{E236C1E9-E2D8-46B5-8E17-C7413659CCEC}.Release|Any CPU.ActiveCfg = Release|Any CPU
		{E236C1E9-E2D8-46B5-8E17-C7413659CCEC}.Release|Any CPU.Build.0 = Release|Any CPU
		{E236C1E9-E2D8-46B5-8E17-C7413659CCEC}.Release|Mixed Platforms.ActiveCfg = Release|Any CPU
		{E236C1E9-E2D8-46B5-8E17-C7413659CCEC}.Release|Mixed Platforms.Build.0 = Release|Any CPU
		{E236C1E9-E2D8-46B5-8E17-C7413659CCEC}.Release|Win32.ActiveCfg = Release|Any CPU
		{84D77870-98E7-41AF-BF30-B8E254E19439}.Debug|Any CPU.ActiveCfg = Debug|Any CPU
		{84D77870-98E7-41AF-BF30-B8E254E19439}.Debug|Any CPU.Build.0 = Debug|Any CPU
		{84D77870-98E7-41AF-BF30-B8E254E19439}.Debug|Mixed Platforms.ActiveCfg = Debug|Any CPU
		{84D77870-98E7-41AF-BF30-B8E254E19439}.Debug|Mixed Platforms.Build.0 = Debug|Any CPU
		{84D77870-98E7-41AF-BF30-B8E254E19439}.Debug|Win32.ActiveCfg = Debug|Any CPU
		{84D77870-98E7-41AF-BF30-B8E254E19439}.Release|Any CPU.ActiveCfg = Release|Any CPU
		{84D77870-98E7-41AF-BF30-B8E254E19439}.Release|Any CPU.Build.0 = Release|Any CPU
		{84D77870-98E7-41AF-BF30-B8E254E19439}.Release|Mixed Platforms.ActiveCfg = Release|Any CPU
		{84D77870-98E7-41AF-BF30-B8E254E19439}.Release|Mixed Platforms.Build.0 = Release|Any CPU
		{84D77870-98E7-41AF-BF30-B8E254E19439}.Release|Win32.ActiveCfg = Release|Any CPU
		{441C6CCF-F28E-4DED-BA67-86EB47A700DB}.Debug|Any CPU.ActiveCfg = Debug|Any CPU
		{441C6CCF-F28E-4DED-BA67-86EB47A700DB}.Debug|Any CPU.Build.0 = Debug|Any CPU
		{441C6CCF-F28E-4DED-BA67-86EB47A700DB}.Debug|Mixed Platforms.ActiveCfg = Debug|Any CPU
		{441C6CCF-F28E-4DED-BA67-86EB47A700DB}.Debug|Mixed Platforms.Build.0 = Debug|Any CPU
		{441C6CCF-F28E-4DED-BA67-86EB47A700DB}.Debug|Win32.ActiveCfg = Debug|Any CPU
		{441C6CCF-F28E-4DED-BA67-86EB47A700DB}.Release|Any CPU.ActiveCfg = Release|Any CPU
		{441C6CCF-F28E-4DED-BA67-86EB47A700DB}.Release|Any CPU.Build.0 = Release|Any CPU
		{441C6CCF-F28E-4DED-BA67-86EB47A700DB}.Release|Mixed Platforms.ActiveCfg = Release|Any CPU
		{441C6CCF-F28E-4DED-BA67-86EB47A700DB}.Release|Mixed Platforms.Build.0 = Release|Any CPU
		{441C6CCF-F28E-4DED-BA67-86EB47A700DB}.Release|Win32.ActiveCfg = Release|Any CPU
		{BBB8F592-B9B6-46F8-9B93-4D104835285D}.Debug|Any CPU.ActiveCfg = Debug|Win32
		{BBB8F592-B9B6-46F8-9B93-4D104835285D}.Debug|Mixed Platforms.ActiveCfg = Debug|Win32
		{BBB8F592-B9B6-46F8-9B93-4D104835285D}.Debug|Mixed Platforms.Build.0 = Debug|Win32
		{BBB8F592-B9B6-46F8-9B93-4D104835285D}.Debug|Win32.ActiveCfg = Debug|Win32
		{BBB8F592-B9B6-46F8-9B93-4D104835285D}.Debug|Win32.Build.0 = Debug|Win32
		{BBB8F592-B9B6-46F8-9B93-4D104835285D}.Release|Any CPU.ActiveCfg = Release|Win32
		{BBB8F592-B9B6-46F8-9B93-4D104835285D}.Release|Mixed Platforms.ActiveCfg = Release|Win32
		{BBB8F592-B9B6-46F8-9B93-4D104835285D}.Release|Mixed Platforms.Build.0 = Release|Win32
		{BBB8F592-B9B6-46F8-9B93-4D104835285D}.Release|Win32.ActiveCfg = Release|Win32
		{BBB8F592-B9B6-46F8-9B93-4D104835285D}.Release|Win32.Build.0 = Release|Win32
	EndGlobalSection
	GlobalSection(SolutionProperties) = preSolution
		HideSolutionNode = FALSE
	EndGlobalSection
	GlobalSection(NestedProjects) = preSolution
		{8E310CE3-5D5E-4746-8A13-25A5096E28A6} = {9B94D2FE-E29C-48DB-B2F8-28AE676DA496}
		{F9A47884-3064-464A-ACD3-483558ECA798} = {F5CD9677-CA38-42FB-B409-9F7E80B6735C}
		{7CDAC591-D43B-418B-A3AE-AD0145B41E47} = {F5CD9677-CA38-42FB-B409-9F7E80B6735C}
		{974AEFDB-B2F6-477D-88F9-5BB8BC4B6BD4} = {B9099E6D-2EB8-461D-8E0D-1FCB4E77766F}
		{03636F8F-8938-4BFD-950F-485B2F5AD0D0} = {B9099E6D-2EB8-461D-8E0D-1FCB4E77766F}
		{3860ABE3-3F9F-4267-80FE-2FF08D230B85} = {F9A47884-3064-464A-ACD3-483558ECA798}
		{E236C1E9-E2D8-46B5-8E17-C7413659CCEC} = {7CDAC591-D43B-418B-A3AE-AD0145B41E47}
		{84D77870-98E7-41AF-BF30-B8E254E19439} = {7CDAC591-D43B-418B-A3AE-AD0145B41E47}
		{441C6CCF-F28E-4DED-BA67-86EB47A700DB} = {03636F8F-8938-4BFD-950F-485B2F5AD0D0}
		{BBB8F592-B9B6-46F8-9B93-4D104835285D} = {F9A47884-3064-464A-ACD3-483558ECA798}
	EndGlobalSection
EndGlobal
